
Microsoft Visual Studio Solution File, Format Version 12.00
# Visual Studio Version 16
VisualStudioVersion = 16.0.29709.97
MinimumVisualStudioVersion = 10.0.40219.1
Project("{778DAE3C-4631-46EA-AA77-85C1314464D9}") = "AtlasWrapper", "AtlasWrapper\AtlasWrapper.vbproj", "{E6F86788-E84A-45D5-B017-5919B660B9EA}"
EndProject
Project("{778DAE3C-4631-46EA-AA77-85C1314464D9}") = "AtlasWrapperSample", "AtlasWrapperTester\AtlasWrapperSample.vbproj", "{7C15F989-0792-4A68-AAA2-ED98CC5FFE03}"
EndProject
Project("{F184B08F-C81C-45F6-A57F-5ABD9991F28F}") = "AtlasWrapperUTest", "AtlasWrapperUTest\AtlasWrapperUTest.vbproj", "{765E7EE4-CBEA-42AB-9DF5-DF6CF422D14C}"
EndProject
Global
	GlobalSection(SolutionConfigurationPlatforms) = preSolution
		Debug|Any CPU = Debug|Any CPU
		Release|Any CPU = Release|Any CPU
	EndGlobalSection
	GlobalSection(ProjectConfigurationPlatforms) = postSolution
		{E6F86788-E84A-45D5-B017-5919B660B9EA}.Debug|Any CPU.ActiveCfg = Debug|Any CPU
		{E6F86788-E84A-45D5-B017-5919B660B9EA}.Debug|Any CPU.Build.0 = Debug|Any CPU
		{E6F86788-E84A-45D5-B017-5919B660B9EA}.Release|Any CPU.ActiveCfg = Release|Any CPU
		{E6F86788-E84A-45D5-B017-5919B660B9EA}.Release|Any CPU.Build.0 = Release|Any CPU
		{7C15F989-0792-4A68-AAA2-ED98CC5FFE03}.Debug|Any CPU.ActiveCfg = Debug|Any CPU
		{7C15F989-0792-4A68-AAA2-ED98CC5FFE03}.Debug|Any CPU.Build.0 = Debug|Any CPU
		{7C15F989-0792-4A68-AAA2-ED98CC5FFE03}.Release|Any CPU.ActiveCfg = Release|Any CPU
		{7C15F989-0792-4A68-AAA2-ED98CC5FFE03}.Release|Any CPU.Build.0 = Release|Any CPU
		{765E7EE4-CBEA-42AB-9DF5-DF6CF422D14C}.Debug|Any CPU.ActiveCfg = Debug|Any CPU
		{765E7EE4-CBEA-42AB-9DF5-DF6CF422D14C}.Debug|Any CPU.Build.0 = Debug|Any CPU
		{765E7EE4-CBEA-42AB-9DF5-DF6CF422D14C}.Release|Any CPU.ActiveCfg = Release|Any CPU
		{765E7EE4-CBEA-42AB-9DF5-DF6CF422D14C}.Release|Any CPU.Build.0 = Release|Any CPU
	EndGlobalSection
	GlobalSection(SolutionProperties) = preSolution
		HideSolutionNode = FALSE
	EndGlobalSection
	GlobalSection(ExtensibilityGlobals) = postSolution
		SolutionGuid = {905EBC09-94BD-41E1-8721-DF789120E403}
	EndGlobalSection
EndGlobal
